// !$*UTF8*$!
{
	archiveVersion = 1;
	classes = {
	};
	objectVersion = 46;
	objects = {

/* Begin PBXBuildFile section */
		529B888F1B394F19000B44F9 /* main.m in Sources */ = {isa = PBXBuildFile; fileRef = 529B888E1B394F19000B44F9 /* main.m */; };
		529B88921B394F19000B44F9 /* AppDelegate.m in Sources */ = {isa = PBXBuildFile; fileRef = 529B88911B394F19000B44F9 /* AppDelegate.m */; };
		529B88951B394F19000B44F9 /* ViewController.m in Sources */ = {isa = PBXBuildFile; fileRef = 529B88941B394F19000B44F9 /* ViewController.m */; };
		529B88981B394F19000B44F9 /* Main.storyboard in Resources */ = {isa = PBXBuildFile; fileRef = 529B88961B394F19000B44F9 /* Main.storyboard */; };
		529B889A1B394F19000B44F9 /* Images.xcassets in Resources */ = {isa = PBXBuildFile; fileRef = 529B88991B394F19000B44F9 /* Images.xcassets */; };
		529B889D1B394F19000B44F9 /* LaunchScreen.xib in Resources */ = {isa = PBXBuildFile; fileRef = 529B889B1B394F19000B44F9 /* LaunchScreen.xib */; };
		529B88A91B394F19000B44F9 /* Project2015Tests.m in Sources */ = {isa = PBXBuildFile; fileRef = 529B88A81B394F19000B44F9 /* Project2015Tests.m */; };
/* End PBXBuildFile section */

/* Begin PBXContainerItemProxy section */
		529B88A31B394F19000B44F9 /* PBXContainerItemProxy */ = {
			isa = PBXContainerItemProxy;
			containerPortal = 529B88811B394F19000B44F9 /* Project object */;
			proxyType = 1;
			remoteGlobalIDString = 529B88881B394F19000B44F9;
			remoteInfo = Project2015;
		};
/* End PBXContainerItemProxy section */

/* Begin PBXFileReference section */
		529B88891B394F19000B44F9 /* Project2015.app */ = {isa = PBXFileReference; explicitFileType = wrapper.application; includeInIndex = 0; path = Project2015.app; sourceTree = BUILT_PRODUCTS_DIR; };
		529B888D1B394F19000B44F9 /* Info.plist */ = {isa = PBXFileReference; lastKnownFileType = text.plist.xml; path = Info.plist; sourceTree = "<group>"; };
		529B888E1B394F19000B44F9 /* main.m */ = {isa = PBXFileReference; lastKnownFileType = sourcecode.c.objc; path = main.m; sourceTree = "<group>"; };
		529B88901B394F19000B44F9 /* AppDelegate.h */ = {isa = PBXFileReference; lastKnownFileType = sourcecode.c.h; path = AppDelegate.h; sourceTree = "<group>"; };
		529B88911B394F19000B44F9 /* AppDelegate.m */ = {isa = PBXFileReference; lastKnownFileType = sourcecode.c.objc; path = AppDelegate.m; sourceTree = "<group>"; };
		529B88931B394F19000B44F9 /* ViewController.h */ = {isa = PBXFileReference; lastKnownFileType = sourcecode.c.h; path = ViewController.h; sourceTree = "<group>"; };
		529B88941B394F19000B44F9 /* ViewController.m */ = {isa = PBXFileReference; lastKnownFileType = sourcecode.c.objc; path = ViewController.m; sourceTree = "<group>"; };
		529B88971B394F19000B44F9 /* Base */ = {isa = PBXFileReference; lastKnownFileType = file.storyboard; name = Base; path = Base.lproj/Main.storyboard; sourceTree = "<group>"; };
		529B88991B394F19000B44F9 /* Images.xcassets */ = {isa = PBXFileReference; lastKnownFileType = folder.assetcatalog; path = Images.xcassets; sourceTree = "<group>"; };
		529B889C1B394F19000B44F9 /* Base */ = {isa = PBXFileReference; lastKnownFileType = file.xib; name = Base; path = Base.lproj/LaunchScreen.xib; sourceTree = "<group>"; };
		529B88A21B394F19000B44F9 /* Project2015Tests.xctest */ = {isa = PBXFileReference; explicitFileType = wrapper.cfbundle; includeInIndex = 0; path = Project2015Tests.xctest; sourceTree = BUILT_PRODUCTS_DIR; };
		529B88A71B394F19000B44F9 /* Info.plist */ = {isa = PBXFileReference; lastKnownFileType = text.plist.xml; path = Info.plist; sourceTree = "<group>"; };
		529B88A81B394F19000B44F9 /* Project2015Tests.m */ = {isa = PBXFileReference; lastKnownFileType = sourcecode.c.objc; path = Project2015Tests.m; sourceTree = "<group>"; };
/* End PBXFileReference section */

/* Begin PBXFrameworksBuildPhase section */
		529B88861B394F19000B44F9 /* Frameworks */ = {
			isa = PBXFrameworksBuildPhase;
			buildActionMask = 2147483647;
			files = (
			);
			runOnlyForDeploymentPostprocessing = 0;
		};
		529B889F1B394F19000B44F9 /* Frameworks */ = {
			isa = PBXFrameworksBuildPhase;
			buildActionMask = 2147483647;
			files = (
			);
			runOnlyForDeploymentPostprocessing = 0;
		};
/* End PBXFrameworksBuildPhase section */

/* Begin PBXGroup section */
		529B88801B394F19000B44F9 = {
			isa = PBXGroup;
			children = (
				529B888B1B394F19000B44F9 /* Project2015 */,
				529B88A51B394F19000B44F9 /* Project2015Tests */,
				529B888A1B394F19000B44F9 /* Products */,
			);
			sourceTree = "<group>";
		};
		529B888A1B394F19000B44F9 /* Products */ = {
			isa = PBXGroup;
			children = (
				529B88891B394F19000B44F9 /* Project2015.app */,
				529B88A21B394F19000B44F9 /* Project2015Tests.xctest */,
			);
			name = Products;
			sourceTree = "<group>";
		};
		529B888B1B394F19000B44F9 /* Project2015 */ = {
			isa = PBXGroup;
			children = (
				529B88901B394F19000B44F9 /* AppDelegate.h */,
				529B88911B394F19000B44F9 /* AppDelegate.m */,
				529B88931B394F19000B44F9 /* ViewController.h */,
				529B88941B394F19000B44F9 /* ViewController.m */,
				529B88961B394F19000B44F9 /* Main.storyboard */,
				529B88991B394F19000B44F9 /* Images.xcassets */,
				529B889B1B394F19000B44F9 /* LaunchScreen.xib */,
				529B888C1B394F19000B44F9 /* Supporting Files */,
			);
			path = Project2015;
			sourceTree = "<group>";
		};
		529B888C1B394F19000B44F9 /* Supporting Files */ = {
			isa = PBXGroup;
			children = (
				529B888D1B394F19000B44F9 /* Info.plist */,
				529B888E1B394F19000B44F9 /* main.m */,
			);
			name = "Supporting Files";
			sourceTree = "<group>";
		};
		529B88A51B394F19000B44F9 /* Project2015Tests */ = {
			isa = PBXGroup;
			children = (
				529B88A81B394F19000B44F9 /* Project2015Tests.m */,
				529B88A61B394F19000B44F9 /* Supporting Files */,
			);
			path = Project2015Tests;
			sourceTree = "<group>";
		};
		529B88A61B394F19000B44F9 /* Supporting Files */ = {
			isa = PBXGroup;
			children = (
				529B88A71B394F19000B44F9 /* Info.plist */,
			);
			name = "Supporting Files";
			sourceTree = "<group>";
		};
/* End PBXGroup section */

/* Begin PBXNativeTarget section */
		529B88881B394F19000B44F9 /* Project2015 */ = {
			isa = PBXNativeTarget;
			buildConfigurationList = 529B88AC1B394F19000B44F9 /* Build configuration list for PBXNativeTarget "Project2015" */;
			buildPhases = (
				529B88851B394F19000B44F9 /* Sources */,
				529B88861B394F19000B44F9 /* Frameworks */,
				529B88871B394F19000B44F9 /* Resources */,
			);
			buildRules = (
			);
			dependencies = (
			);
			name = Project2015;
			productName = Project2015;
			productReference = 529B88891B394F19000B44F9 /* Project2015.app */;
			productType = "com.apple.product-type.application";
		};
		529B88A11B394F19000B44F9 /* Project2015Tests */ = {
			isa = PBXNativeTarget;
			buildConfigurationList = 529B88AF1B394F19000B44F9 /* Build configuration list for PBXNativeTarget "Project2015Tests" */;
			buildPhases = (
				529B889E1B394F19000B44F9 /* Sources */,
				529B889F1B394F19000B44F9 /* Frameworks */,
				529B88A01B394F19000B44F9 /* Resources */,
			);
			buildRules = (
			);
			dependencies = (
				529B88A41B394F19000B44F9 /* PBXTargetDependency */,
			);
			name = Project2015Tests;
			productName = Project2015Tests;
			productReference = 529B88A21B394F19000B44F9 /* Project2015Tests.xctest */;
			productType = "com.apple.product-type.bundle.unit-test";
		};
/* End PBXNativeTarget section */

/* Begin PBXProject section */
		529B88811B394F19000B44F9 /* Project object */ = {
			isa = PBXProject;
			attributes = {
				LastUpgradeCheck = 0630;
				ORGANIZATIONNAME = whj;
				TargetAttributes = {
					529B88881B394F19000B44F9 = {
						CreatedOnToolsVersion = 6.3.2;
					};
					529B88A11B394F19000B44F9 = {
						CreatedOnToolsVersion = 6.3.2;
						TestTargetID = 529B88881B394F19000B44F9;
					};
				};
			};
			buildConfigurationList = 529B88841B394F19000B44F9 /* Build configuration list for PBXProject "Project2015" */;
			compatibilityVersion = "Xcode 3.2";
			developmentRegion = English;
			hasScannedForEncodings = 0;
			knownRegions = (
				en,
				Base,
			);
			mainGroup = 529B88801B394F19000B44F9;
			productRefGroup = 529B888A1B394F19000B44F9 /* Products */;
			projectDirPath = "";
			projectRoot = "";
			targets = (
				529B88881B394F19000B44F9 /* Project2015 */,
				529B88A11B394F19000B44F9 /* Project2015Tests */,
			);
		};
/* End PBXProject section */

/* Begin PBXResourcesBuildPhase section */
		529B88871B394F19000B44F9 /* Resources */ = {
			isa = PBXResourcesBuildPhase;
			buildActionMask = 2147483647;
			files = (
				529B88981B394F19000B44F9 /* Main.storyboard in Resources */,
				529B889D1B394F19000B44F9 /* LaunchScreen.xib in Resources */,
				529B889A1B394F19000B44F9 /* Images.xcassets in Resources */,
			);
			runOnlyForDeploymentPostprocessing = 0;
		};
		529B88A01B394F19000B44F9 /* Resources */ = {
			isa = PBXResourcesBuildPhase;
			buildActionMask = 2147483647;
			files = (
			);
			runOnlyForDeploymentPostprocessing = 0;
		};
/* End PBXResourcesBuildPhase section */

/* Begin PBXSourcesBuildPhase section */
		529B88851B394F19000B44F9 /* Sources */ = {
			isa = PBXSourcesBuildPhase;
			buildActionMask = 2147483647;
			files = (
				529B88951B394F19000B44F9 /* ViewController.m in Sources */,
				529B88921B394F19000B44F9 /* AppDelegate.m in Sources */,
				529B888F1B394F19000B44F9 /* main.m in Sources */,
			);
			runOnlyForDeploymentPostprocessing = 0;
		};
		529B889E1B394F19000B44F9 /* Sources */ = {
			isa = PBXSourcesBuildPhase;
			buildActionMask = 2147483647;
			files = (
				529B88A91B394F19000B44F9 /* Project2015Tests.m in Sources */,
			);
			runOnlyForDeploymentPostprocessing = 0;
		};
/* End PBXSourcesBuildPhase section */

/* Begin PBXTargetDependency section */
		529B88A41B394F19000B44F9 /* PBXTargetDependency */ = {
			isa = PBXTargetDependency;
			target = 529B88881B394F19000B44F9 /* Project2015 */;
			targetProxy = 529B88A31B394F19000B44F9 /* PBXContainerItemProxy */;
		};
/* End PBXTargetDependency section */

/* Begin PBXVariantGroup section */
		529B88961B394F19000B44F9 /* Main.storyboard */ = {
			isa = PBXVariantGroup;
			children = (
				529B88971B394F19000B44F9 /* Base */,
			);
			name = Main.storyboard;
			sourceTree = "<group>";
		};
		529B889B1B394F19000B44F9 /* LaunchScreen.xib */ = {
			isa = PBXVariantGroup;
			children = (
				529B889C1B394F19000B44F9 /* Base */,
			);
			name = LaunchScreen.xib;
			sourceTree = "<group>";
		};
/* End PBXVariantGroup section */

/* Begin XCBuildConfiguration section */
		529B88AA1B394F19000B44F9 /* Debug */ = {
			isa = XCBuildConfiguration;
			buildSettings = {
				ALWAYS_SEARCH_USER_PATHS = NO;
				CLANG_CXX_LANGUAGE_STANDARD = "gnu++0x";
				CLANG_CXX_LIBRARY = "libc++";
				CLANG_ENABLE_MODULES = YES;
				CLANG_ENABLE_OBJC_ARC = YES;
				CLANG_WARN_BOOL_CONVERSION = YES;
				CLANG_WARN_CONSTANT_CONVERSION = YES;
				CLANG_WARN_DIRECT_OBJC_ISA_USAGE = YES_ERROR;
				CLANG_WARN_EMPTY_BODY = YES;
				CLANG_WARN_ENUM_CONVERSION = YES;
				CLANG_WARN_INT_CONVERSION = YES;
				CLANG_WARN_OBJC_ROOT_CLASS = YES_ERROR;
				CLANG_WARN_UNREACHABLE_CODE = YES;
				CLANG_WARN__DUPLICATE_METHOD_MATCH = YES;
				"CODE_SIGN_IDENTITY[sdk=iphoneos*]" = "iPhone Developer";
				COPY_PHASE_STRIP = NO;
				DEBUG_INFORMATION_FORMAT = "dwarf-with-dsym";
				ENABLE_STRICT_OBJC_MSGSEND = YES;
				GCC_C_LANGUAGE_STANDARD = gnu99;
				GCC_DYNAMIC_NO_PIC = NO;
				GCC_NO_COMMON_BLOCKS = YES;
				GCC_OPTIMIZATION_LEVEL = 0;
				GCC_PREPROCESSOR_DEFINITIONS = (
					"DEBUG=1",
					"$(inherited)",
				);
				GCC_SYMBOLS_PRIVATE_EXTERN = NO;
				GCC_WARN_64_TO_32_BIT_CONVERSION = YES;
				GCC_WARN_ABOUT_RETURN_TYPE = YES_ERROR;
				GCC_WARN_UNDECLARED_SELECTOR = YES;
				GCC_WARN_UNINITIALIZED_AUTOS = YES_AGGRESSIVE;
				GCC_WARN_UNUSED_FUNCTION = YES;
				GCC_WARN_UNUSED_VARIABLE = YES;
				IPHONEOS_DEPLOYMENT_TARGET = 8.3;
				MTL_ENABLE_DEBUG_INFO = YES;
				ONLY_ACTIVE_ARCH = YES;
				SDKROOT = iphoneos;
			};
			name = Debug;
		};
		529B88AB1B394F19000B44F9 /* Release */ = {
			isa = XCBuildConfiguration;
			buildSettings = {
				ALWAYS_SEARCH_USER_PATHS = NO;
				CLANG_CXX_LANGUAGE_STANDARD = "gnu++0x";
				CLANG_CXX_LIBRARY = "libc++";
				CLANG_ENABLE_MODULES = YES;
				CLANG_ENABLE_OBJC_ARC = YES;
				CLANG_WARN_BOOL_CONVERSION = YES;
				CLANG_WARN_CONSTANT_CONVERSION = YES;
				CLANG_WARN_DIRECT_OBJC_ISA_USAGE = YES_ERROR;
				CLANG_WARN_EMPTY_BODY = YES;
				CLANG_WARN_ENUM_CONVERSION = YES;
				CLANG_WARN_INT_CONVERSION = YES;
				CLANG_WARN_OBJC_ROOT_CLASS = YES_ERROR;
				CLANG_WARN_UNREACHABLE_CODE = YES;
				CLANG_WARN__DUPLICATE_METHOD_MATCH = YES;
				"CODE_SIGN_IDENTITY[sdk=iphoneos*]" = "iPhone Developer";
				COPY_PHASE_STRIP = NO;
				DEBUG_INFORMATION_FORMAT = "dwarf-with-dsym";
				ENABLE_NS_ASSERTIONS = NO;
				ENABLE_STRICT_OBJC_MSGSEND = YES;
				GCC_C_LANGUAGE_STANDARD = gnu99;
				GCC_NO_COMMON_BLOCKS = YES;
				GCC_WARN_64_TO_32_BIT_CONVERSION = YES;
				GCC_WARN_ABOUT_RETURN_TYPE = YES_ERROR;
				GCC_WARN_UNDECLARED_SELECTOR = YES;
				GCC_WARN_UNINITIALIZED_AUTOS = YES_AGGRESSIVE;
				GCC_WARN_UNUSED_FUNCTION = YES;
				GCC_WARN_UNUSED_VARIABLE = YES;
				IPHONEOS_DEPLOYMENT_TARGET = 8.3;
				MTL_ENABLE_DEBUG_INFO = NO;
				SDKROOT = iphoneos;
				VALIDATE_PRODUCT = YES;
			};
			name = Release;
		};
		529B88AD1B394F19000B44F9 /* Debug */ = {
			isa = XCBuildConfiguration;
			buildSettings = {
				ASSETCATALOG_COMPILER_APPICON_NAME = AppIcon;
				INFOPLIST_FILE = Project2015/Info.plist;
				LD_RUNPATH_SEARCH_PATHS = "$(inherited) @executable_path/Frameworks";
				PRODUCT_NAME = "$(TARGET_NAME)";
			};
			name = Debug;
		};
		529B88AE1B394F19000B44F9 /* Release */ = {
			isa = XCBuildConfiguration;
			buildSettings = {
				ASSETCATALOG_COMPILER_APPICON_NAME = AppIcon;
				INFOPLIST_FILE = Project2015/Info.plist;
				LD_RUNPATH_SEARCH_PATHS = "$(inherited) @executable_path/Frameworks";
				PRODUCT_NAME = "$(TARGET_NAME)";
			};
			name = Release;
		};
		529B88B01B394F19000B44F9 /* Debug */ = {
			isa = XCBuildConfiguration;
			buildSettings = {
				BUNDLE_LOADER = "$(TEST_HOST)";
				FRAMEWORK_SEARCH_PATHS = (
					"$(SDKROOT)/Developer/Library/Frameworks",
					"$(inherited)",
				);
				GCC_PREPROCESSOR_DEFINITIONS = (
					"DEBUG=1",
					"$(inherited)",
				);
				INFOPLIST_FILE = Project2015Tests/Info.plist;
				LD_RUNPATH_SEARCH_PATHS = "$(inherited) @executable_path/Frameworks @loader_path/Frameworks";
				PRODUCT_NAME = "$(TARGET_NAME)";
				TEST_HOST = "$(BUILT_PRODUCTS_DIR)/Project2015.app/Project2015";
			};
			name = Debug;
		};
		529B88B11B394F19000B44F9 /* Release */ = {
			isa = XCBuildConfiguration;
			buildSettings = {
				BUNDLE_LOADER = "$(TEST_HOST)";
				FRAMEWORK_SEARCH_PATHS = (
					"$(SDKROOT)/Developer/Library/Frameworks",
					"$(inherited)",
				);
				INFOPLIST_FILE = Project2015Tests/Info.plist;
				LD_RUNPATH_SEARCH_PATHS = "$(inherited) @executable_path/Frameworks @loader_path/Frameworks";
				PRODUCT_NAME = "$(TARGET_NAME)";
				TEST_HOST = "$(BUILT_PRODUCTS_DIR)/Project2015.app/Project2015";
			};
			name = Release;
		};
/* End XCBuildConfiguration section */

/* Begin XCConfigurationList section */
		529B88841B394F19000B44F9 /* Build configuration list for PBXProject "Project2015" */ = {
			isa = XCConfigurationList;
			buildConfigurations = (
				529B88AA1B394F19000B44F9 /* Debug */,
				529B88AB1B394F19000B44F9 /* Release */,
			);
			defaultConfigurationIsVisible = 0;
			defaultConfigurationName = Release;
		};
		529B88AC1B394F19000B44F9 /* Build configuration list for PBXNativeTarget "Project2015" */ = {
			isa = XCConfigurationList;
			buildConfigurations = (
				529B88AD1B394F19000B44F9 /* Debug */,
				529B88AE1B394F19000B44F9 /* Release */,
			);
			defaultConfigurationIsVisible = 0;
		};
		529B88AF1B394F19000B44F9 /* Build configuration list for PBXNativeTarget "Project2015Tests" */ = {
			isa = XCConfigurationList;
			buildConfigurations = (
				529B88B01B394F19000B44F9 /* Debug */,
				529B88B11B394F19000B44F9 /* Release */,
			);
			defaultConfigurationIsVisible = 0;
		};
/* End XCConfigurationList section */
	};
	rootObject = 529B88811B394F19000B44F9 /* Project object */;
}
